
Microsoft Visual Studio Solution File, Format Version 12.00
# Visual Studio Version 17
VisualStudioVersion = 17.8.34511.84
MinimumVisualStudioVersion = 10.0.40219.1
Project("{9A19103F-16F7-4668-BE54-9A1E7A4F7556}") = "EyeRidePhoneBook.API", "EyeRidePhoneBook.API\EyeRidePhoneBook.API.csproj", "{F5BE4783-9920-4B2C-82AD-3670DF52D3C8}"
EndProject
Project("{54A90642-561A-4BB1-A94E-469ADEE60C69}") = "Eyeridephonebook.client", "eyeridephonebook.client\Eyeridephonebook.client.esproj", "{F5DE4F30-29B8-453B-BD7C-87F86E67E79D}"
EndProject
Global
	GlobalSection(SolutionConfigurationPlatforms) = preSolution
		Debug|Any CPU = Debug|Any CPU
		Release|Any CPU = Release|Any CPU
	EndGlobalSection
	GlobalSection(ProjectConfigurationPlatforms) = postSolution
		{F5BE4783-9920-4B2C-82AD-3670DF52D3C8}.Debug|Any CPU.ActiveCfg = Debug|Any CPU
		{F5BE4783-9920-4B2C-82AD-3670DF52D3C8}.Debug|Any CPU.Build.0 = Debug|Any CPU
		{F5BE4783-9920-4B2C-82AD-3670DF52D3C8}.Release|Any CPU.ActiveCfg = Release|Any CPU
		{F5BE4783-9920-4B2C-82AD-3670DF52D3C8}.Release|Any CPU.Build.0 = Release|Any CPU
		{F5DE4F30-29B8-453B-BD7C-87F86E67E79D}.Debug|Any CPU.ActiveCfg = Debug|Any CPU
		{F5DE4F30-29B8-453B-BD7C-87F86E67E79D}.Debug|Any CPU.Build.0 = Debug|Any CPU
		{F5DE4F30-29B8-453B-BD7C-87F86E67E79D}.Debug|Any CPU.Deploy.0 = Debug|Any CPU
		{F5DE4F30-29B8-453B-BD7C-87F86E67E79D}.Release|Any CPU.ActiveCfg = Release|Any CPU
		{F5DE4F30-29B8-453B-BD7C-87F86E67E79D}.Release|Any CPU.Build.0 = Release|Any CPU
		{F5DE4F30-29B8-453B-BD7C-87F86E67E79D}.Release|Any CPU.Deploy.0 = Release|Any CPU
	EndGlobalSection
	GlobalSection(SolutionProperties) = preSolution
		HideSolutionNode = FALSE
	EndGlobalSection
	GlobalSection(ExtensibilityGlobals) = postSolution
		SolutionGuid = {DFF0BCBA-EA34-4059-88E5-D0AF3773BE6C}
	EndGlobalSection
EndGlobal
